
Microsoft Visual Studio Solution File, Format Version 12.00
# Visual Studio Express 2013 for Web
VisualStudioVersion = 12.0.21005.1
MinimumVisualStudioVersion = 10.0.40219.1
Project("{2150E333-8FDC-42A3-9474-1A3956D46DE8}") = "Src", "Src", "{F8114AE0-6F36-47F4-897B-2BE16CAA96D3}"
EndProject
Project("{2150E333-8FDC-42A3-9474-1A3956D46DE8}") = "Ch01", "Ch01", "{5617E448-FDD3-48A6-815E-E4B31295E697}"
EndProject
Project("{2150E333-8FDC-42A3-9474-1A3956D46DE8}") = "Ch02", "Ch02", "{14AA7B39-1AE7-44C6-B0BD-68D8848AF052}"
EndProject
Project("{2150E333-8FDC-42A3-9474-1A3956D46DE8}") = "Ch03", "Ch03", "{C3607293-36B7-4AC0-AEFC-A7A5F9B64FF2}"
EndProject
Project("{2150E333-8FDC-42A3-9474-1A3956D46DE8}") = "Lib", "Lib", "{CCF80AAC-7133-4907-88D3-DE59D6A0DFC7}"
EndProject
Project("{2150E333-8FDC-42A3-9474-1A3956D46DE8}") = "Ch04", "Ch04", "{0EE12E08-11CE-4138-B38B-23587E2426D3}"
EndProject
Project("{2150E333-8FDC-42A3-9474-1A3956D46DE8}") = "DataEntry", "DataEntry", "{47779D6D-817B-481E-9D3E-D66BA8C995CF}"
EndProject
Project("{2150E333-8FDC-42A3-9474-1A3956D46DE8}") = "Validation", "Validation", "{23A7467E-79DB-48D5-8CF6-425545FFC3CE}"
EndProject
Project("{2150E333-8FDC-42A3-9474-1A3956D46DE8}") = "Ch05", "Ch05", "{F0DE1AB9-EB6E-47FE-906C-735CF56F3FE4}"
EndProject
Project("{2150E333-8FDC-42A3-9474-1A3956D46DE8}") = "Intrinsics", "Intrinsics", "{6310EE4F-6B96-478D-B716-57EBFE47737F}"
EndProject
Project("{2150E333-8FDC-42A3-9474-1A3956D46DE8}") = "Errors", "Errors", "{A14F252F-1704-49B5-A3E9-3EC34877F57A}"
EndProject
Project("{2150E333-8FDC-42A3-9474-1A3956D46DE8}") = "Resx", "Resx", "{0623C06E-FA06-469D-816E-F313C93C024F}"
EndProject
Project("{2150E333-8FDC-42A3-9474-1A3956D46DE8}") = "Localize", "Localize", "{92FBB1DC-141A-4460-8C77-568FC9E392B0}"
EndProject
Project("{2150E333-8FDC-42A3-9474-1A3956D46DE8}") = "Ch06", "Ch06", "{38094A1D-DE43-42A1-9DBF-8F45790B3F3B}"
EndProject
Project("{2150E333-8FDC-42A3-9474-1A3956D46DE8}") = "Membership", "Membership", "{22D55021-F271-4F95-BB06-9F5FEC01EFAF}"
EndProject
Project("{2150E333-8FDC-42A3-9474-1A3956D46DE8}") = "Social", "Social", "{6DF9C091-7185-440B-96F6-E7896AB8ED91}"
EndProject
Project("{2150E333-8FDC-42A3-9474-1A3956D46DE8}") = "Ch07", "Ch07", "{3C59DE26-BEB6-4E9F-B7E0-CD58734E047E}"
EndProject
Project("{2150E333-8FDC-42A3-9474-1A3956D46DE8}") = "Ch08", "Ch08", "{9A79D16B-7409-407E-B50A-A160492CB1B2}"
EndProject
Project("{2150E333-8FDC-42A3-9474-1A3956D46DE8}") = "Filters", "Filters", "{EC5BF1F5-403B-48F8-AB4E-1B2ECAC442B7}"
EndProject
Project("{2150E333-8FDC-42A3-9474-1A3956D46DE8}") = "ActionResults", "ActionResults", "{B9B96F3B-BBA5-4FEF-8163-88A5F345EE06}"
EndProject
Project("{2150E333-8FDC-42A3-9474-1A3956D46DE8}") = "Ch09", "Ch09", "{2BAF3137-2590-4456-B773-333EDB07B3FD}"
EndProject
Project("{2150E333-8FDC-42A3-9474-1A3956D46DE8}") = "Ch11", "Ch11", "{F5E92A41-1A03-4E0E-A6D9-149C0B0B1A0B}"
EndProject
Project("{2150E333-8FDC-42A3-9474-1A3956D46DE8}") = "Ch10", "Ch10", "{091CA731-5962-40B1-9C9B-48AACCADD80C}"
EndProject
Project("{2150E333-8FDC-42A3-9474-1A3956D46DE8}") = "Ch12", "Ch12", "{8D50DD6E-07FD-4C29-A8CC-3103EAF2C00C}"
EndProject
Project("{2150E333-8FDC-42A3-9474-1A3956D46DE8}") = "Ch13", "Ch13", "{F810E490-B412-4CEB-B13D-41025C76BAFD}"
EndProject
Project("{FAE04EC0-301F-11D3-BF4B-00C04F79EFBC}") = "MvcEmule", "..\..\MvcGallery3\Src\Ch01\MvcEmule\MvcEmule.csproj", "{57A14230-04A4-4675-9C61-0330C8DEFD6D}"
EndProject
Project("{FAE04EC0-301F-11D3-BF4B-00C04F79EFBC}") = "HelloMvc", "Src\Ch01\HelloMvc\HelloMvc.csproj", "{35DE4432-8093-4034-A997-47635639763C}"
EndProject
Project("{FAE04EC0-301F-11D3-BF4B-00C04F79EFBC}") = "MoreRoutes", "Src\Ch01\MoreRoutes\MoreRoutes.csproj", "{BD14B95F-D145-48A2-93DA-7F8072193209}"
EndProject
Project("{FAE04EC0-301F-11D3-BF4B-00C04F79EFBC}") = "BindingFun", "Src\Ch03\BindingFun\BindingFun.csproj", "{9C1DEDB3-D057-449E-81EA-93D0494D5F06}"
EndProject
Project("{FAE04EC0-301F-11D3-BF4B-00C04F79EFBC}") = "BookSamples.Components", "Lib\BookSamples.Components\BookSamples.Components.csproj", "{8728670B-B710-4AFD-A35A-256C437D2AD8}"
EndProject
Project("{FAE04EC0-301F-11D3-BF4B-00C04F79EFBC}") = "Sep", "Src\Ch04\DataEntry\Sep\Sep.csproj", "{F1C96601-E3EB-4195-AE39-CE4554530130}"
EndProject
Project("{FAE04EC0-301F-11D3-BF4B-00C04F79EFBC}") = "Prg", "Src\Ch04\DataEntry\Prg\Prg.csproj", "{1D454BE3-4619-4590-839B-D43A33B230A4}"
EndProject
Project("{FAE04EC0-301F-11D3-BF4B-00C04F79EFBC}") = "DataAnnotations", "Src\Ch04\Validation\DataAnnotations\DataAnnotations.csproj", "{6F6A012F-7007-45BF-B823-568F1727080F}"
EndProject
Project("{FAE04EC0-301F-11D3-BF4B-00C04F79EFBC}") = "CachingDemo", "Src\Ch05\Intrinsics\CachingDemo\CachingDemo.csproj", "{A4398C0B-E865-4EF2-9116-D6CD209D6AD8}"
EndProject
Project("{FAE04EC0-301F-11D3-BF4B-00C04F79EFBC}") = "TryCatch", "Src\Ch05\Errors\TryCatch\TryCatch.csproj", "{BFD6353A-1B45-484A-A63F-3EFDFDD2FCC2}"
EndProject
Project("{FAE04EC0-301F-11D3-BF4B-00C04F79EFBC}") = "EmbRes", "Src\Ch05\Resx\EmbRes\EmbRes.csproj", "{AE101E21-1164-43D2-8A0D-BC57423A7ED6}"
EndProject
Project("{FAE04EC0-301F-11D3-BF4B-00C04F79EFBC}") = "AutoLanguage", "Src\Ch05\Localize\AutoLanguage\AutoLanguage.csproj", "{7C6F148C-01AC-4106-9ADC-603D8823F538}"
EndProject
Project("{FAE04EC0-301F-11D3-BF4B-00C04F79EFBC}") = "MultiLanguage", "Src\Ch05\Localize\MultiLanguage\MultiLanguage.csproj", "{1EA970B3-3A88-44A4-87FB-851D01F82610}"
EndProject
Project("{FAE04EC0-301F-11D3-BF4B-00C04F79EFBC}") = "ImageMan", "Src\Ch05\Resx\ImageMan\ImageMan.csproj", "{71B6F261-5554-44A4-8F9C-DF38267D87EB}"
EndProject
Project("{FAE04EC0-301F-11D3-BF4B-00C04F79EFBC}") = "ClassicAuth", "Src\Ch06\Membership\ClassicAuth\ClassicAuth.csproj", "{2DF95710-65B8-45BA-B2D6-D776F0404C6F}"
EndProject
Project("{FAE04EC0-301F-11D3-BF4B-00C04F79EFBC}") = "AnyProvider", "Src\Ch06\Social\AnyProvider\AnyProvider.csproj", "{08A99C6C-2B26-4D0D-BDF0-FAAA131B4D0A}"
EndProject
Project("{FAE04EC0-301F-11D3-BF4B-00C04F79EFBC}") = "AuthDemo", "Src\Ch06\Social\AuthDemo\AuthDemo.csproj", "{A8F24C18-80B3-413F-83B0-489BFFEB7676}"
EndProject
Project("{FAE04EC0-301F-11D3-BF4B-00C04F79EFBC}") = "FatFree", "Src\Ch07\FatFree\FatFree.csproj", "{C5651F3E-72D3-41A2-9A20-854CD3663CFE}"
EndProject
Project("{FAE04EC0-301F-11D3-BF4B-00C04F79EFBC}") = "FatFreeIoC", "Src\Ch07\FatFreeIoC\FatFreeIoC.csproj", "{70D39333-2D0D-4279-8346-33919A8BD5A7}"
EndProject
Project("{FAE04EC0-301F-11D3-BF4B-00C04F79EFBC}") = "AspectMix", "Src\Ch08\Filters\AspectMix\AspectMix.csproj", "{5B3E0AED-5BB0-4D4E-8666-1B377304E90F}"
EndProject
Project("{FAE04EC0-301F-11D3-BF4B-00C04F79EFBC}") = "PdfResults", "Src\Ch08\ActionResults\PdfResults\PdfResults.csproj", "{2815AE8D-2CF6-4588-98CD-5CB757976D69}"
EndProject
Project("{FAE04EC0-301F-11D3-BF4B-00C04F79EFBC}") = "ResultsMix", "Src\Ch08\ActionResults\ResultsMix\ResultsMix.csproj", "{816E40B1-7CDB-4751-A57C-EA575D3D894A}"
EndProject
Project("{FAE04EC0-301F-11D3-BF4B-00C04F79EFBC}") = "FillModel", "Src\Ch08\Filters\FillModel\FillModel.csproj", "{B9414572-E87F-410B-A2A6-D985F4416FD2}"
EndProject
Project("{FAE04EC0-301F-11D3-BF4B-00C04F79EFBC}") = "SampleApp", "Src\Ch09\SampleApp\SampleApp.csproj", "{19A6410D-B81C-4B21-90BB-F592C982CF43}"
EndProject
Project("{FAE04EC0-301F-11D3-BF4B-00C04F79EFBC}") = "SampleApp.Tests", "Src\Ch09\SampleApp.Tests\SampleApp.Tests.csproj", "{FAF423C5-EE26-45FF-919B-60602107EBDE}"
EndProject
Project("{FAE04EC0-301F-11D3-BF4B-00C04F79EFBC}") = "JsFun", "Src\Ch11\JsFun\JsFun.csproj", "{14C47CA9-88DF-4C4A-91A2-8921A8313D21}"
EndProject
Project("{FAE04EC0-301F-11D3-BF4B-00C04F79EFBC}") = "Simplest", "Src\Ch10\Simplest\Simplest.csproj", "{6D0B3C30-C1CB-41DC-ADE4-7E2B0A6D797A}"
EndProject
Project("{FAE04EC0-301F-11D3-BF4B-00C04F79EFBC}") = "RpcStyle", "Src\Ch10\RpcStyle\RpcStyle.csproj", "{3566D9FB-CC05-4616-BCD5-AE3CD4C94E54}"
EndProject
Project("{FAE04EC0-301F-11D3-BF4B-00C04F79EFBC}") = "Html5", "Src\Ch12\Html5\Html5.csproj", "{C96EE85F-E78F-4592-B62D-D62CFB2DD41A}"
EndProject
Project("{FAE04EC0-301F-11D3-BF4B-00C04F79EFBC}") = "MqBasic", "Src\Ch12\MqBasic\MqBasic.csproj", "{1747194B-CC3F-426D-80CA-FC07028BF1A4}"
EndProject
Project("{FAE04EC0-301F-11D3-BF4B-00C04F79EFBC}") = "SimpleMobile", "Src\Ch12\SimpleMobile\SimpleMobile.csproj", "{3D2E5959-D094-44BB-A2DA-8F7421056996}"
EndProject
Project("{FAE04EC0-301F-11D3-BF4B-00C04F79EFBC}") = "SimplyMobile", "Src\Ch13\SimplyMobile\SimplyMobile.csproj", "{B7DEFB41-1CC3-420D-B9A4-CD3BDFCE77C0}"
EndProject
Project("{FAE04EC0-301F-11D3-BF4B-00C04F79EFBC}") = "Detector", "Src\Ch13\Detec\Detector.csproj", "{9829CE32-45D1-4586-B4F8-5646B4FEAF30}"
EndProject
Project("{FAE04EC0-301F-11D3-BF4B-00C04F79EFBC}") = "MultiDevice", "Src\Ch13\MultiDevice\MultiDevice.csproj", "{F3731B1D-F64E-4ECC-8D09-E8024E03390D}"
EndProject
Project("{FAE04EC0-301F-11D3-BF4B-00C04F79EFBC}") = "BasicApp", "Src\Ch02\BasicApp\BasicApp.csproj", "{7A97A457-4BEC-4CE4-950D-0401178D9C9F}"
EndProject
Project("{2150E333-8FDC-42A3-9474-1A3956D46DE8}") = "Identity", "Identity", "{A7708DCC-F12E-4D95-8CF4-E2057DB0AF9B}"
EndProject
Project("{FAE04EC0-301F-11D3-BF4B-00C04F79EFBC}") = "Identity", "Src\Ch06\Identity\Identity\Identity.csproj", "{24E490E4-05A7-444D-AEB2-D4A514607FDD}"
EndProject
Global
	GlobalSection(SolutionConfigurationPlatforms) = preSolution
		Debug|Any CPU = Debug|Any CPU
		Release|Any CPU = Release|Any CPU
	EndGlobalSection
	GlobalSection(ProjectConfigurationPlatforms) = postSolution
		{57A14230-04A4-4675-9C61-0330C8DEFD6D}.Debug|Any CPU.ActiveCfg = Debug|Any CPU
		{57A14230-04A4-4675-9C61-0330C8DEFD6D}.Debug|Any CPU.Build.0 = Debug|Any CPU
		{57A14230-04A4-4675-9C61-0330C8DEFD6D}.Release|Any CPU.ActiveCfg = Release|Any CPU
		{57A14230-04A4-4675-9C61-0330C8DEFD6D}.Release|Any CPU.Build.0 = Release|Any CPU
		{35DE4432-8093-4034-A997-47635639763C}.Debug|Any CPU.ActiveCfg = Debug|Any CPU
		{35DE4432-8093-4034-A997-47635639763C}.Debug|Any CPU.Build.0 = Debug|Any CPU
		{35DE4432-8093-4034-A997-47635639763C}.Release|Any CPU.ActiveCfg = Release|Any CPU
		{35DE4432-8093-4034-A997-47635639763C}.Release|Any CPU.Build.0 = Release|Any CPU
		{BD14B95F-D145-48A2-93DA-7F8072193209}.Debug|Any CPU.ActiveCfg = Debug|Any CPU
		{BD14B95F-D145-48A2-93DA-7F8072193209}.Debug|Any CPU.Build.0 = Debug|Any CPU
		{BD14B95F-D145-48A2-93DA-7F8072193209}.Release|Any CPU.ActiveCfg = Release|Any CPU
		{BD14B95F-D145-48A2-93DA-7F8072193209}.Release|Any CPU.Build.0 = Release|Any CPU
		{9C1DEDB3-D057-449E-81EA-93D0494D5F06}.Debug|Any CPU.ActiveCfg = Debug|Any CPU
		{9C1DEDB3-D057-449E-81EA-93D0494D5F06}.Debug|Any CPU.Build.0 = Debug|Any CPU
		{9C1DEDB3-D057-449E-81EA-93D0494D5F06}.Release|Any CPU.ActiveCfg = Release|Any CPU
		{9C1DEDB3-D057-449E-81EA-93D0494D5F06}.Release|Any CPU.Build.0 = Release|Any CPU
		{8728670B-B710-4AFD-A35A-256C437D2AD8}.Debug|Any CPU.ActiveCfg = Debug|Any CPU
		{8728670B-B710-4AFD-A35A-256C437D2AD8}.Debug|Any CPU.Build.0 = Debug|Any CPU
		{8728670B-B710-4AFD-A35A-256C437D2AD8}.Release|Any CPU.ActiveCfg = Release|Any CPU
		{8728670B-B710-4AFD-A35A-256C437D2AD8}.Release|Any CPU.Build.0 = Release|Any CPU
		{F1C96601-E3EB-4195-AE39-CE4554530130}.Debug|Any CPU.ActiveCfg = Debug|Any CPU
		{F1C96601-E3EB-4195-AE39-CE4554530130}.Debug|Any CPU.Build.0 = Debug|Any CPU
		{F1C96601-E3EB-4195-AE39-CE4554530130}.Release|Any CPU.ActiveCfg = Release|Any CPU
		{F1C96601-E3EB-4195-AE39-CE4554530130}.Release|Any CPU.Build.0 = Release|Any CPU
		{1D454BE3-4619-4590-839B-D43A33B230A4}.Debug|Any CPU.ActiveCfg = Debug|Any CPU
		{1D454BE3-4619-4590-839B-D43A33B230A4}.Debug|Any CPU.Build.0 = Debug|Any CPU
		{1D454BE3-4619-4590-839B-D43A33B230A4}.Release|Any CPU.ActiveCfg = Release|Any CPU
		{1D454BE3-4619-4590-839B-D43A33B230A4}.Release|Any CPU.Build.0 = Release|Any CPU
		{6F6A012F-7007-45BF-B823-568F1727080F}.Debug|Any CPU.ActiveCfg = Debug|Any CPU
		{6F6A012F-7007-45BF-B823-568F1727080F}.Debug|Any CPU.Build.0 = Debug|Any CPU
		{6F6A012F-7007-45BF-B823-568F1727080F}.Release|Any CPU.ActiveCfg = Release|Any CPU
		{6F6A012F-7007-45BF-B823-568F1727080F}.Release|Any CPU.Build.0 = Release|Any CPU
		{A4398C0B-E865-4EF2-9116-D6CD209D6AD8}.Debug|Any CPU.ActiveCfg = Debug|Any CPU
		{A4398C0B-E865-4EF2-9116-D6CD209D6AD8}.Debug|Any CPU.Build.0 = Debug|Any CPU
		{A4398C0B-E865-4EF2-9116-D6CD209D6AD8}.Release|Any CPU.ActiveCfg = Release|Any CPU
		{A4398C0B-E865-4EF2-9116-D6CD209D6AD8}.Release|Any CPU.Build.0 = Release|Any CPU
		{BFD6353A-1B45-484A-A63F-3EFDFDD2FCC2}.Debug|Any CPU.ActiveCfg = Debug|Any CPU
		{BFD6353A-1B45-484A-A63F-3EFDFDD2FCC2}.Debug|Any CPU.Build.0 = Debug|Any CPU
		{BFD6353A-1B45-484A-A63F-3EFDFDD2FCC2}.Release|Any CPU.ActiveCfg = Release|Any CPU
		{BFD6353A-1B45-484A-A63F-3EFDFDD2FCC2}.Release|Any CPU.Build.0 = Release|Any CPU
		{AE101E21-1164-43D2-8A0D-BC57423A7ED6}.Debug|Any CPU.ActiveCfg = Debug|Any CPU
		{AE101E21-1164-43D2-8A0D-BC57423A7ED6}.Debug|Any CPU.Build.0 = Debug|Any CPU
		{AE101E21-1164-43D2-8A0D-BC57423A7ED6}.Release|Any CPU.ActiveCfg = Release|Any CPU
		{AE101E21-1164-43D2-8A0D-BC57423A7ED6}.Release|Any CPU.Build.0 = Release|Any CPU
		{7C6F148C-01AC-4106-9ADC-603D8823F538}.Debug|Any CPU.ActiveCfg = Debug|Any CPU
		{7C6F148C-01AC-4106-9ADC-603D8823F538}.Debug|Any CPU.Build.0 = Debug|Any CPU
		{7C6F148C-01AC-4106-9ADC-603D8823F538}.Release|Any CPU.ActiveCfg = Release|Any CPU
		{7C6F148C-01AC-4106-9ADC-603D8823F538}.Release|Any CPU.Build.0 = Release|Any CPU
		{1EA970B3-3A88-44A4-87FB-851D01F82610}.Debug|Any CPU.ActiveCfg = Debug|Any CPU
		{1EA970B3-3A88-44A4-87FB-851D01F82610}.Debug|Any CPU.Build.0 = Debug|Any CPU
		{1EA970B3-3A88-44A4-87FB-851D01F82610}.Release|Any CPU.ActiveCfg = Release|Any CPU
		{1EA970B3-3A88-44A4-87FB-851D01F82610}.Release|Any CPU.Build.0 = Release|Any CPU
		{71B6F261-5554-44A4-8F9C-DF38267D87EB}.Debug|Any CPU.ActiveCfg = Debug|Any CPU
		{71B6F261-5554-44A4-8F9C-DF38267D87EB}.Debug|Any CPU.Build.0 = Debug|Any CPU
		{71B6F261-5554-44A4-8F9C-DF38267D87EB}.Release|Any CPU.ActiveCfg = Release|Any CPU
		{71B6F261-5554-44A4-8F9C-DF38267D87EB}.Release|Any CPU.Build.0 = Release|Any CPU
		{2DF95710-65B8-45BA-B2D6-D776F0404C6F}.Debug|Any CPU.ActiveCfg = Debug|Any CPU
		{2DF95710-65B8-45BA-B2D6-D776F0404C6F}.Debug|Any CPU.Build.0 = Debug|Any CPU
		{2DF95710-65B8-45BA-B2D6-D776F0404C6F}.Release|Any CPU.ActiveCfg = Release|Any CPU
		{2DF95710-65B8-45BA-B2D6-D776F0404C6F}.Release|Any CPU.Build.0 = Release|Any CPU
		{08A99C6C-2B26-4D0D-BDF0-FAAA131B4D0A}.Debug|Any CPU.ActiveCfg = Debug|Any CPU
		{08A99C6C-2B26-4D0D-BDF0-FAAA131B4D0A}.Debug|Any CPU.Build.0 = Debug|Any CPU
		{08A99C6C-2B26-4D0D-BDF0-FAAA131B4D0A}.Release|Any CPU.ActiveCfg = Release|Any CPU
		{08A99C6C-2B26-4D0D-BDF0-FAAA131B4D0A}.Release|Any CPU.Build.0 = Release|Any CPU
		{A8F24C18-80B3-413F-83B0-489BFFEB7676}.Debug|Any CPU.ActiveCfg = Debug|Any CPU
		{A8F24C18-80B3-413F-83B0-489BFFEB7676}.Debug|Any CPU.Build.0 = Debug|Any CPU
		{A8F24C18-80B3-413F-83B0-489BFFEB7676}.Release|Any CPU.ActiveCfg = Release|Any CPU
		{A8F24C18-80B3-413F-83B0-489BFFEB7676}.Release|Any CPU.Build.0 = Release|Any CPU
		{C5651F3E-72D3-41A2-9A20-854CD3663CFE}.Debug|Any CPU.ActiveCfg = Debug|Any CPU
		{C5651F3E-72D3-41A2-9A20-854CD3663CFE}.Debug|Any CPU.Build.0 = Debug|Any CPU
		{C5651F3E-72D3-41A2-9A20-854CD3663CFE}.Release|Any CPU.ActiveCfg = Release|Any CPU
		{C5651F3E-72D3-41A2-9A20-854CD3663CFE}.Release|Any CPU.Build.0 = Release|Any CPU
		{70D39333-2D0D-4279-8346-33919A8BD5A7}.Debug|Any CPU.ActiveCfg = Debug|Any CPU
		{70D39333-2D0D-4279-8346-33919A8BD5A7}.Debug|Any CPU.Build.0 = Debug|Any CPU
		{70D39333-2D0D-4279-8346-33919A8BD5A7}.Release|Any CPU.ActiveCfg = Release|Any CPU
		{70D39333-2D0D-4279-8346-33919A8BD5A7}.Release|Any CPU.Build.0 = Release|Any CPU
		{5B3E0AED-5BB0-4D4E-8666-1B377304E90F}.Debug|Any CPU.ActiveCfg = Debug|Any CPU
		{5B3E0AED-5BB0-4D4E-8666-1B377304E90F}.Debug|Any CPU.Build.0 = Debug|Any CPU
		{5B3E0AED-5BB0-4D4E-8666-1B377304E90F}.Release|Any CPU.ActiveCfg = Release|Any CPU
		{5B3E0AED-5BB0-4D4E-8666-1B377304E90F}.Release|Any CPU.Build.0 = Release|Any CPU
		{2815AE8D-2CF6-4588-98CD-5CB757976D69}.Debug|Any CPU.ActiveCfg = Debug|Any CPU
		{2815AE8D-2CF6-4588-98CD-5CB757976D69}.Debug|Any CPU.Build.0 = Debug|Any CPU
		{2815AE8D-2CF6-4588-98CD-5CB757976D69}.Release|Any CPU.ActiveCfg = Release|Any CPU
		{2815AE8D-2CF6-4588-98CD-5CB757976D69}.Release|Any CPU.Build.0 = Release|Any CPU
		{816E40B1-7CDB-4751-A57C-EA575D3D894A}.Debug|Any CPU.ActiveCfg = Debug|Any CPU
		{816E40B1-7CDB-4751-A57C-EA575D3D894A}.Debug|Any CPU.Build.0 = Debug|Any CPU
		{816E40B1-7CDB-4751-A57C-EA575D3D894A}.Release|Any CPU.ActiveCfg = Release|Any CPU
		{816E40B1-7CDB-4751-A57C-EA575D3D894A}.Release|Any CPU.Build.0 = Release|Any CPU
		{B9414572-E87F-410B-A2A6-D985F4416FD2}.Debug|Any CPU.ActiveCfg = Debug|Any CPU
		{B9414572-E87F-410B-A2A6-D985F4416FD2}.Debug|Any CPU.Build.0 = Debug|Any CPU
		{B9414572-E87F-410B-A2A6-D985F4416FD2}.Release|Any CPU.ActiveCfg = Release|Any CPU
		{B9414572-E87F-410B-A2A6-D985F4416FD2}.Release|Any CPU.Build.0 = Release|Any CPU
		{19A6410D-B81C-4B21-90BB-F592C982CF43}.Debug|Any CPU.ActiveCfg = Debug|Any CPU
		{19A6410D-B81C-4B21-90BB-F592C982CF43}.Debug|Any CPU.Build.0 = Debug|Any CPU
		{19A6410D-B81C-4B21-90BB-F592C982CF43}.Release|Any CPU.ActiveCfg = Release|Any CPU
		{19A6410D-B81C-4B21-90BB-F592C982CF43}.Release|Any CPU.Build.0 = Release|Any CPU
		{FAF423C5-EE26-45FF-919B-60602107EBDE}.Debug|Any CPU.ActiveCfg = Debug|Any CPU
		{FAF423C5-EE26-45FF-919B-60602107EBDE}.Debug|Any CPU.Build.0 = Debug|Any CPU
		{FAF423C5-EE26-45FF-919B-60602107EBDE}.Release|Any CPU.ActiveCfg = Release|Any CPU
		{FAF423C5-EE26-45FF-919B-60602107EBDE}.Release|Any CPU.Build.0 = Release|Any CPU
		{14C47CA9-88DF-4C4A-91A2-8921A8313D21}.Debug|Any CPU.ActiveCfg = Debug|Any CPU
		{14C47CA9-88DF-4C4A-91A2-8921A8313D21}.Debug|Any CPU.Build.0 = Debug|Any CPU
		{14C47CA9-88DF-4C4A-91A2-8921A8313D21}.Release|Any CPU.ActiveCfg = Release|Any CPU
		{14C47CA9-88DF-4C4A-91A2-8921A8313D21}.Release|Any CPU.Build.0 = Release|Any CPU
		{6D0B3C30-C1CB-41DC-ADE4-7E2B0A6D797A}.Debug|Any CPU.ActiveCfg = Debug|Any CPU
		{6D0B3C30-C1CB-41DC-ADE4-7E2B0A6D797A}.Debug|Any CPU.Build.0 = Debug|Any CPU
		{6D0B3C30-C1CB-41DC-ADE4-7E2B0A6D797A}.Release|Any CPU.ActiveCfg = Release|Any CPU
		{6D0B3C30-C1CB-41DC-ADE4-7E2B0A6D797A}.Release|Any CPU.Build.0 = Release|Any CPU
		{3566D9FB-CC05-4616-BCD5-AE3CD4C94E54}.Debug|Any CPU.ActiveCfg = Debug|Any CPU
		{3566D9FB-CC05-4616-BCD5-AE3CD4C94E54}.Debug|Any CPU.Build.0 = Debug|Any CPU
		{3566D9FB-CC05-4616-BCD5-AE3CD4C94E54}.Release|Any CPU.ActiveCfg = Release|Any CPU
		{3566D9FB-CC05-4616-BCD5-AE3CD4C94E54}.Release|Any CPU.Build.0 = Release|Any CPU
		{C96EE85F-E78F-4592-B62D-D62CFB2DD41A}.Debug|Any CPU.ActiveCfg = Debug|Any CPU
		{C96EE85F-E78F-4592-B62D-D62CFB2DD41A}.Debug|Any CPU.Build.0 = Debug|Any CPU
		{C96EE85F-E78F-4592-B62D-D62CFB2DD41A}.Release|Any CPU.ActiveCfg = Release|Any CPU
		{C96EE85F-E78F-4592-B62D-D62CFB2DD41A}.Release|Any CPU.Build.0 = Release|Any CPU
		{1747194B-CC3F-426D-80CA-FC07028BF1A4}.Debug|Any CPU.ActiveCfg = Debug|Any CPU
		{1747194B-CC3F-426D-80CA-FC07028BF1A4}.Debug|Any CPU.Build.0 = Debug|Any CPU
		{1747194B-CC3F-426D-80CA-FC07028BF1A4}.Release|Any CPU.ActiveCfg = Release|Any CPU
		{1747194B-CC3F-426D-80CA-FC07028BF1A4}.Release|Any CPU.Build.0 = Release|Any CPU
		{3D2E5959-D094-44BB-A2DA-8F7421056996}.Debug|Any CPU.ActiveCfg = Debug|Any CPU
		{3D2E5959-D094-44BB-A2DA-8F7421056996}.Debug|Any CPU.Build.0 = Debug|Any CPU
		{3D2E5959-D094-44BB-A2DA-8F7421056996}.Release|Any CPU.ActiveCfg = Release|Any CPU
		{3D2E5959-D094-44BB-A2DA-8F7421056996}.Release|Any CPU.Build.0 = Release|Any CPU
		{B7DEFB41-1CC3-420D-B9A4-CD3BDFCE77C0}.Debug|Any CPU.ActiveCfg = Debug|Any CPU
		{B7DEFB41-1CC3-420D-B9A4-CD3BDFCE77C0}.Debug|Any CPU.Build.0 = Debug|Any CPU
		{B7DEFB41-1CC3-420D-B9A4-CD3BDFCE77C0}.Release|Any CPU.ActiveCfg = Release|Any CPU
		{B7DEFB41-1CC3-420D-B9A4-CD3BDFCE77C0}.Release|Any CPU.Build.0 = Release|Any CPU
		{9829CE32-45D1-4586-B4F8-5646B4FEAF30}.Debug|Any CPU.ActiveCfg = Debug|Any CPU
		{9829CE32-45D1-4586-B4F8-5646B4FEAF30}.Debug|Any CPU.Build.0 = Debug|Any CPU
		{9829CE32-45D1-4586-B4F8-5646B4FEAF30}.Release|Any CPU.ActiveCfg = Release|Any CPU
		{9829CE32-45D1-4586-B4F8-5646B4FEAF30}.Release|Any CPU.Build.0 = Release|Any CPU
		{F3731B1D-F64E-4ECC-8D09-E8024E03390D}.Debug|Any CPU.ActiveCfg = Debug|Any CPU
		{F3731B1D-F64E-4ECC-8D09-E8024E03390D}.Debug|Any CPU.Build.0 = Debug|Any CPU
		{F3731B1D-F64E-4ECC-8D09-E8024E03390D}.Release|Any CPU.ActiveCfg = Release|Any CPU
		{F3731B1D-F64E-4ECC-8D09-E8024E03390D}.Release|Any CPU.Build.0 = Release|Any CPU
		{7A97A457-4BEC-4CE4-950D-0401178D9C9F}.Debug|Any CPU.ActiveCfg = Debug|Any CPU
		{7A97A457-4BEC-4CE4-950D-0401178D9C9F}.Debug|Any CPU.Build.0 = Debug|Any CPU
		{7A97A457-4BEC-4CE4-950D-0401178D9C9F}.Release|Any CPU.ActiveCfg = Release|Any CPU
		{7A97A457-4BEC-4CE4-950D-0401178D9C9F}.Release|Any CPU.Build.0 = Release|Any CPU
		{24E490E4-05A7-444D-AEB2-D4A514607FDD}.Debug|Any CPU.ActiveCfg = Debug|Any CPU
		{24E490E4-05A7-444D-AEB2-D4A514607FDD}.Debug|Any CPU.Build.0 = Debug|Any CPU
		{24E490E4-05A7-444D-AEB2-D4A514607FDD}.Release|Any CPU.ActiveCfg = Release|Any CPU
		{24E490E4-05A7-444D-AEB2-D4A514607FDD}.Release|Any CPU.Build.0 = Release|Any CPU
	EndGlobalSection
	GlobalSection(SolutionProperties) = preSolution
		HideSolutionNode = FALSE
	EndGlobalSection
	GlobalSection(NestedProjects) = preSolution
		{5617E448-FDD3-48A6-815E-E4B31295E697} = {F8114AE0-6F36-47F4-897B-2BE16CAA96D3}
		{14AA7B39-1AE7-44C6-B0BD-68D8848AF052} = {F8114AE0-6F36-47F4-897B-2BE16CAA96D3}
		{C3607293-36B7-4AC0-AEFC-A7A5F9B64FF2} = {F8114AE0-6F36-47F4-897B-2BE16CAA96D3}
		{0EE12E08-11CE-4138-B38B-23587E2426D3} = {F8114AE0-6F36-47F4-897B-2BE16CAA96D3}
		{F0DE1AB9-EB6E-47FE-906C-735CF56F3FE4} = {F8114AE0-6F36-47F4-897B-2BE16CAA96D3}
		{38094A1D-DE43-42A1-9DBF-8F45790B3F3B} = {F8114AE0-6F36-47F4-897B-2BE16CAA96D3}
		{3C59DE26-BEB6-4E9F-B7E0-CD58734E047E} = {F8114AE0-6F36-47F4-897B-2BE16CAA96D3}
		{9A79D16B-7409-407E-B50A-A160492CB1B2} = {F8114AE0-6F36-47F4-897B-2BE16CAA96D3}
		{2BAF3137-2590-4456-B773-333EDB07B3FD} = {F8114AE0-6F36-47F4-897B-2BE16CAA96D3}
		{F5E92A41-1A03-4E0E-A6D9-149C0B0B1A0B} = {F8114AE0-6F36-47F4-897B-2BE16CAA96D3}
		{091CA731-5962-40B1-9C9B-48AACCADD80C} = {F8114AE0-6F36-47F4-897B-2BE16CAA96D3}
		{8D50DD6E-07FD-4C29-A8CC-3103EAF2C00C} = {F8114AE0-6F36-47F4-897B-2BE16CAA96D3}
		{F810E490-B412-4CEB-B13D-41025C76BAFD} = {F8114AE0-6F36-47F4-897B-2BE16CAA96D3}
		{57A14230-04A4-4675-9C61-0330C8DEFD6D} = {5617E448-FDD3-48A6-815E-E4B31295E697}
		{35DE4432-8093-4034-A997-47635639763C} = {5617E448-FDD3-48A6-815E-E4B31295E697}
		{BD14B95F-D145-48A2-93DA-7F8072193209} = {5617E448-FDD3-48A6-815E-E4B31295E697}
		{7A97A457-4BEC-4CE4-950D-0401178D9C9F} = {14AA7B39-1AE7-44C6-B0BD-68D8848AF052}
		{9C1DEDB3-D057-449E-81EA-93D0494D5F06} = {C3607293-36B7-4AC0-AEFC-A7A5F9B64FF2}
		{8728670B-B710-4AFD-A35A-256C437D2AD8} = {CCF80AAC-7133-4907-88D3-DE59D6A0DFC7}
		{47779D6D-817B-481E-9D3E-D66BA8C995CF} = {0EE12E08-11CE-4138-B38B-23587E2426D3}
		{23A7467E-79DB-48D5-8CF6-425545FFC3CE} = {0EE12E08-11CE-4138-B38B-23587E2426D3}
		{F1C96601-E3EB-4195-AE39-CE4554530130} = {47779D6D-817B-481E-9D3E-D66BA8C995CF}
		{1D454BE3-4619-4590-839B-D43A33B230A4} = {47779D6D-817B-481E-9D3E-D66BA8C995CF}
		{6F6A012F-7007-45BF-B823-568F1727080F} = {23A7467E-79DB-48D5-8CF6-425545FFC3CE}
		{6310EE4F-6B96-478D-B716-57EBFE47737F} = {F0DE1AB9-EB6E-47FE-906C-735CF56F3FE4}
		{A14F252F-1704-49B5-A3E9-3EC34877F57A} = {F0DE1AB9-EB6E-47FE-906C-735CF56F3FE4}
		{0623C06E-FA06-469D-816E-F313C93C024F} = {F0DE1AB9-EB6E-47FE-906C-735CF56F3FE4}
		{92FBB1DC-141A-4460-8C77-568FC9E392B0} = {F0DE1AB9-EB6E-47FE-906C-735CF56F3FE4}
		{A4398C0B-E865-4EF2-9116-D6CD209D6AD8} = {6310EE4F-6B96-478D-B716-57EBFE47737F}
		{BFD6353A-1B45-484A-A63F-3EFDFDD2FCC2} = {A14F252F-1704-49B5-A3E9-3EC34877F57A}
		{AE101E21-1164-43D2-8A0D-BC57423A7ED6} = {0623C06E-FA06-469D-816E-F313C93C024F}
		{71B6F261-5554-44A4-8F9C-DF38267D87EB} = {0623C06E-FA06-469D-816E-F313C93C024F}
		{7C6F148C-01AC-4106-9ADC-603D8823F538} = {92FBB1DC-141A-4460-8C77-568FC9E392B0}
		{1EA970B3-3A88-44A4-87FB-851D01F82610} = {92FBB1DC-141A-4460-8C77-568FC9E392B0}
		{22D55021-F271-4F95-BB06-9F5FEC01EFAF} = {38094A1D-DE43-42A1-9DBF-8F45790B3F3B}
		{6DF9C091-7185-440B-96F6-E7896AB8ED91} = {38094A1D-DE43-42A1-9DBF-8F45790B3F3B}
		{A7708DCC-F12E-4D95-8CF4-E2057DB0AF9B} = {38094A1D-DE43-42A1-9DBF-8F45790B3F3B}
		{2DF95710-65B8-45BA-B2D6-D776F0404C6F} = {22D55021-F271-4F95-BB06-9F5FEC01EFAF}
		{08A99C6C-2B26-4D0D-BDF0-FAAA131B4D0A} = {6DF9C091-7185-440B-96F6-E7896AB8ED91}
		{A8F24C18-80B3-413F-83B0-489BFFEB7676} = {6DF9C091-7185-440B-96F6-E7896AB8ED91}
		{C5651F3E-72D3-41A2-9A20-854CD3663CFE} = {3C59DE26-BEB6-4E9F-B7E0-CD58734E047E}
		{70D39333-2D0D-4279-8346-33919A8BD5A7} = {3C59DE26-BEB6-4E9F-B7E0-CD58734E047E}
		{EC5BF1F5-403B-48F8-AB4E-1B2ECAC442B7} = {9A79D16B-7409-407E-B50A-A160492CB1B2}
		{B9B96F3B-BBA5-4FEF-8163-88A5F345EE06} = {9A79D16B-7409-407E-B50A-A160492CB1B2}
		{5B3E0AED-5BB0-4D4E-8666-1B377304E90F} = {EC5BF1F5-403B-48F8-AB4E-1B2ECAC442B7}
		{B9414572-E87F-410B-A2A6-D985F4416FD2} = {EC5BF1F5-403B-48F8-AB4E-1B2ECAC442B7}
		{2815AE8D-2CF6-4588-98CD-5CB757976D69} = {B9B96F3B-BBA5-4FEF-8163-88A5F345EE06}
		{816E40B1-7CDB-4751-A57C-EA575D3D894A} = {B9B96F3B-BBA5-4FEF-8163-88A5F345EE06}
		{19A6410D-B81C-4B21-90BB-F592C982CF43} = {2BAF3137-2590-4456-B773-333EDB07B3FD}
		{FAF423C5-EE26-45FF-919B-60602107EBDE} = {2BAF3137-2590-4456-B773-333EDB07B3FD}
		{14C47CA9-88DF-4C4A-91A2-8921A8313D21} = {F5E92A41-1A03-4E0E-A6D9-149C0B0B1A0B}
		{6D0B3C30-C1CB-41DC-ADE4-7E2B0A6D797A} = {091CA731-5962-40B1-9C9B-48AACCADD80C}
		{3566D9FB-CC05-4616-BCD5-AE3CD4C94E54} = {091CA731-5962-40B1-9C9B-48AACCADD80C}
		{C96EE85F-E78F-4592-B62D-D62CFB2DD41A} = {8D50DD6E-07FD-4C29-A8CC-3103EAF2C00C}
		{1747194B-CC3F-426D-80CA-FC07028BF1A4} = {8D50DD6E-07FD-4C29-A8CC-3103EAF2C00C}
		{3D2E5959-D094-44BB-A2DA-8F7421056996} = {8D50DD6E-07FD-4C29-A8CC-3103EAF2C00C}
		{B7DEFB41-1CC3-420D-B9A4-CD3BDFCE77C0} = {F810E490-B412-4CEB-B13D-41025C76BAFD}
		{9829CE32-45D1-4586-B4F8-5646B4FEAF30} = {F810E490-B412-4CEB-B13D-41025C76BAFD}
		{F3731B1D-F64E-4ECC-8D09-E8024E03390D} = {F810E490-B412-4CEB-B13D-41025C76BAFD}
		{24E490E4-05A7-444D-AEB2-D4A514607FDD} = {A7708DCC-F12E-4D95-8CF4-E2057DB0AF9B}
	EndGlobalSection
	GlobalSection(ExtensibilityGlobals) = postSolution
		EnterpriseLibraryConfigurationToolBinariesPath = packages\Unity.2.1.505.2\lib\NET35
	EndGlobalSection
EndGlobal
